// !$*UTF8*$!
{
	archiveVersion = 1;
	classes = {
	};
	objectVersion = 50;
	objects = {

/* Begin PBXBuildFile section */
		0C55C6A74FFFEECD1DA3EA05 /* Pods_iOSClientTests.framework in Frameworks */ = {isa = PBXBuildFile; fileRef = 7612A843D14D26DC594C7931 /* Pods_iOSClientTests.framework */; };
		110A099B21AF542500C5C299 /* LoginViewController.xib in Resources */ = {isa = PBXBuildFile; fileRef = 110A099A21AF542500C5C299 /* LoginViewController.xib */; };
		110A099D21AFCFAC00C5C299 /* CreateAccountViewController.xib in Resources */ = {isa = PBXBuildFile; fileRef = 110A099C21AFCFAC00C5C299 /* CreateAccountViewController.xib */; };
		110A09A021AFCFE900C5C299 /* CreateAccountViewController.swift in Sources */ = {isa = PBXBuildFile; fileRef = 110A099F21AFCFE900C5C299 /* CreateAccountViewController.swift */; };
		110A09A321AFD32900C5C299 /* AppCoordinator.swift in Sources */ = {isa = PBXBuildFile; fileRef = 110A09A221AFD32900C5C299 /* AppCoordinator.swift */; };
		110A09A521AFD89F00C5C299 /* AuthCoordinator.swift in Sources */ = {isa = PBXBuildFile; fileRef = 110A09A421AFD89F00C5C299 /* AuthCoordinator.swift */; };
		116672B221CCBBFB0058FE65 /* Channel.swift in Sources */ = {isa = PBXBuildFile; fileRef = 116672B121CCBBFB0058FE65 /* Channel.swift */; };
		116672B421CCE6D70058FE65 /* GoogleService-Info.plist in Resources */ = {isa = PBXBuildFile; fileRef = 116672B321CCE6D70058FE65 /* GoogleService-Info.plist */; };
		116CA37121ADD9DD00D62768 /* ChatManager.swift in Sources */ = {isa = PBXBuildFile; fileRef = 116CA37021ADD9DD00D62768 /* ChatManager.swift */; };
		116CA37221ADDA3200D62768 /* UserManager.swift in Sources */ = {isa = PBXBuildFile; fileRef = 11E254A221A8E4EB00CDB3A0 /* UserManager.swift */; };
		116CA37421ADDBEC00D62768 /* User.swift in Sources */ = {isa = PBXBuildFile; fileRef = 116CA37321ADDBEC00D62768 /* User.swift */; };
		116CA37921ADF71700D62768 /* PercentLayoutConstraint.swift in Sources */ = {isa = PBXBuildFile; fileRef = 116CA37821ADF71700D62768 /* PercentLayoutConstraint.swift */; };
		11AF121621C1F7A000E40527 /* Message.swift in Sources */ = {isa = PBXBuildFile; fileRef = 11AF121521C1F7A000E40527 /* Message.swift */; };
		11AF121D21C1FF3F00E40527 /* UIImage+Additions.swift in Sources */ = {isa = PBXBuildFile; fileRef = 11AF121921C1FF3E00E40527 /* UIImage+Additions.swift */; };
		11AF121E21C1FF3F00E40527 /* UICollectionView+Additions.swift in Sources */ = {isa = PBXBuildFile; fileRef = 11AF121A21C1FF3F00E40527 /* UICollectionView+Additions.swift */; };
		11AF121F21C1FF3F00E40527 /* UIView+Additions.swift in Sources */ = {isa = PBXBuildFile; fileRef = 11AF121B21C1FF3F00E40527 /* UIView+Additions.swift */; };
		11AF122021C1FF3F00E40527 /* UIColor+Additions.swift in Sources */ = {isa = PBXBuildFile; fileRef = 11AF121C21C1FF3F00E40527 /* UIColor+Additions.swift */; };
		11CF2DB821BD9C8900E14A46 /* ChatCoordinator.swift in Sources */ = {isa = PBXBuildFile; fileRef = 11CF2DB721BD9C8900E14A46 /* ChatCoordinator.swift */; };
		11CF2DBB21BD9FC900E14A46 /* ChatroomViewController.swift in Sources */ = {isa = PBXBuildFile; fileRef = 11CF2DB921BD9FC900E14A46 /* ChatroomViewController.swift */; };
		11CF2DBC21BD9FC900E14A46 /* ChatroomViewController.xib in Resources */ = {isa = PBXBuildFile; fileRef = 11CF2DBA21BD9FC900E14A46 /* ChatroomViewController.xib */; };
		11D887DF21C20FAD0012A17F /* DatabaseRepresentation.swift in Sources */ = {isa = PBXBuildFile; fileRef = 11D887DE21C20FAD0012A17F /* DatabaseRepresentation.swift */; };
		11E2546F21A63A1600CDB3A0 /* AppDelegate.swift in Sources */ = {isa = PBXBuildFile; fileRef = 11E2546E21A63A1600CDB3A0 /* AppDelegate.swift */; };
		11E2547121A63A1600CDB3A0 /* LoginViewController.swift in Sources */ = {isa = PBXBuildFile; fileRef = 11E2547021A63A1600CDB3A0 /* LoginViewController.swift */; };
		11E2547721A63A1600CDB3A0 /* iOSClient.xcdatamodeld in Sources */ = {isa = PBXBuildFile; fileRef = 11E2547521A63A1600CDB3A0 /* iOSClient.xcdatamodeld */; };
		11E2547921A63A1700CDB3A0 /* Assets.xcassets in Resources */ = {isa = PBXBuildFile; fileRef = 11E2547821A63A1700CDB3A0 /* Assets.xcassets */; };
		11E2547C21A63A1700CDB3A0 /* LaunchScreen.storyboard in Resources */ = {isa = PBXBuildFile; fileRef = 11E2547A21A63A1700CDB3A0 /* LaunchScreen.storyboard */; };
		11E2549221A63A1700CDB3A0 /* iOSClientUITests.swift in Sources */ = {isa = PBXBuildFile; fileRef = 11E2549121A63A1700CDB3A0 /* iOSClientUITests.swift */; };
		11FCA95721BF6B3B000E6FAD /* LoadingView.swift in Sources */ = {isa = PBXBuildFile; fileRef = 11FCA95621BF6B3B000E6FAD /* LoadingView.swift */; };
		1C83CEE2B8481BED9F654868 /* Pods_iOSClientUITests.framework in Frameworks */ = {isa = PBXBuildFile; fileRef = B5C4BA463AEB4500FDCD762A /* Pods_iOSClientUITests.framework */; };
		3A85EBF3C39088481C332293 /* Pods_iOSClient.framework in Frameworks */ = {isa = PBXBuildFile; fileRef = 54BD005DB1FBAF3331E285D5 /* Pods_iOSClient.framework */; };
/* End PBXBuildFile section */

/* Begin PBXContainerItemProxy section */
		11E2548321A63A1700CDB3A0 /* PBXContainerItemProxy */ = {
			isa = PBXContainerItemProxy;
			containerPortal = 11E2546321A63A1600CDB3A0 /* Project object */;
			proxyType = 1;
			remoteGlobalIDString = 11E2546A21A63A1600CDB3A0;
			remoteInfo = iOSClient;
		};
		11E2548E21A63A1700CDB3A0 /* PBXContainerItemProxy */ = {
			isa = PBXContainerItemProxy;
			containerPortal = 11E2546321A63A1600CDB3A0 /* Project object */;
			proxyType = 1;
			remoteGlobalIDString = 11E2546A21A63A1600CDB3A0;
			remoteInfo = iOSClient;
		};
/* End PBXContainerItemProxy section */

/* Begin PBXFileReference section */
		07726B03E2EC2019792A0C31 /* Pods-iOSClientTests.debug.xcconfig */ = {isa = PBXFileReference; includeInIndex = 1; lastKnownFileType = text.xcconfig; name = "Pods-iOSClientTests.debug.xcconfig"; path = "Pods/Target Support Files/Pods-iOSClientTests/Pods-iOSClientTests.debug.xcconfig"; sourceTree = "<group>"; };
		1100427F21D2E2840031A3F1 /* iOSClient.entitlements */ = {isa = PBXFileReference; lastKnownFileType = text.plist.entitlements; path = iOSClient.entitlements; sourceTree = "<group>"; };
		110A099A21AF542500C5C299 /* LoginViewController.xib */ = {isa = PBXFileReference; lastKnownFileType = file.xib; path = LoginViewController.xib; sourceTree = "<group>"; };
		110A099C21AFCFAC00C5C299 /* CreateAccountViewController.xib */ = {isa = PBXFileReference; lastKnownFileType = file.xib; path = CreateAccountViewController.xib; sourceTree = "<group>"; };
		110A099F21AFCFE900C5C299 /* CreateAccountViewController.swift */ = {isa = PBXFileReference; lastKnownFileType = sourcecode.swift; path = CreateAccountViewController.swift; sourceTree = "<group>"; };
		110A09A221AFD32900C5C299 /* AppCoordinator.swift */ = {isa = PBXFileReference; lastKnownFileType = sourcecode.swift; path = AppCoordinator.swift; sourceTree = "<group>"; };
		110A09A421AFD89F00C5C299 /* AuthCoordinator.swift */ = {isa = PBXFileReference; lastKnownFileType = sourcecode.swift; path = AuthCoordinator.swift; sourceTree = "<group>"; };
		116672B121CCBBFB0058FE65 /* Channel.swift */ = {isa = PBXFileReference; fileEncoding = 4; lastKnownFileType = sourcecode.swift; path = Channel.swift; sourceTree = "<group>"; };
		116672B321CCE6D70058FE65 /* GoogleService-Info.plist */ = {isa = PBXFileReference; fileEncoding = 4; lastKnownFileType = text.plist.xml; path = "GoogleService-Info.plist"; sourceTree = "<group>"; };
		116CA37021ADD9DD00D62768 /* ChatManager.swift */ = {isa = PBXFileReference; lastKnownFileType = sourcecode.swift; path = ChatManager.swift; sourceTree = "<group>"; };
		116CA37321ADDBEC00D62768 /* User.swift */ = {isa = PBXFileReference; fileEncoding = 4; lastKnownFileType = sourcecode.swift; path = User.swift; sourceTree = "<group>"; };
		116CA37821ADF71700D62768 /* PercentLayoutConstraint.swift */ = {isa = PBXFileReference; lastKnownFileType = sourcecode.swift; path = PercentLayoutConstraint.swift; sourceTree = "<group>"; };
		11AF121521C1F7A000E40527 /* Message.swift */ = {isa = PBXFileReference; fileEncoding = 4; lastKnownFileType = sourcecode.swift; path = Message.swift; sourceTree = "<group>"; };
		11AF121921C1FF3E00E40527 /* UIImage+Additions.swift */ = {isa = PBXFileReference; fileEncoding = 4; lastKnownFileType = sourcecode.swift; path = "UIImage+Additions.swift"; sourceTree = "<group>"; };
		11AF121A21C1FF3F00E40527 /* UICollectionView+Additions.swift */ = {isa = PBXFileReference; fileEncoding = 4; lastKnownFileType = sourcecode.swift; path = "UICollectionView+Additions.swift"; sourceTree = "<group>"; };
		11AF121B21C1FF3F00E40527 /* UIView+Additions.swift */ = {isa = PBXFileReference; fileEncoding = 4; lastKnownFileType = sourcecode.swift; path = "UIView+Additions.swift"; sourceTree = "<group>"; };
		11AF121C21C1FF3F00E40527 /* UIColor+Additions.swift */ = {isa = PBXFileReference; fileEncoding = 4; lastKnownFileType = sourcecode.swift; path = "UIColor+Additions.swift"; sourceTree = "<group>"; };
		11CF2DB721BD9C8900E14A46 /* ChatCoordinator.swift */ = {isa = PBXFileReference; lastKnownFileType = sourcecode.swift; path = ChatCoordinator.swift; sourceTree = "<group>"; };
		11CF2DB921BD9FC900E14A46 /* ChatroomViewController.swift */ = {isa = PBXFileReference; lastKnownFileType = sourcecode.swift; path = ChatroomViewController.swift; sourceTree = "<group>"; };
		11CF2DBA21BD9FC900E14A46 /* ChatroomViewController.xib */ = {isa = PBXFileReference; lastKnownFileType = file.xib; path = ChatroomViewController.xib; sourceTree = "<group>"; };
		11D887DE21C20FAD0012A17F /* DatabaseRepresentation.swift */ = {isa = PBXFileReference; fileEncoding = 4; lastKnownFileType = sourcecode.swift; path = DatabaseRepresentation.swift; sourceTree = "<group>"; };
		11E2546B21A63A1600CDB3A0 /* iOSClient.app */ = {isa = PBXFileReference; explicitFileType = wrapper.application; includeInIndex = 0; path = iOSClient.app; sourceTree = BUILT_PRODUCTS_DIR; };
		11E2546E21A63A1600CDB3A0 /* AppDelegate.swift */ = {isa = PBXFileReference; lastKnownFileType = sourcecode.swift; path = AppDelegate.swift; sourceTree = "<group>"; };
		11E2547021A63A1600CDB3A0 /* LoginViewController.swift */ = {isa = PBXFileReference; lastKnownFileType = sourcecode.swift; path = LoginViewController.swift; sourceTree = "<group>"; };
		11E2547621A63A1600CDB3A0 /* iOSClient.xcdatamodel */ = {isa = PBXFileReference; lastKnownFileType = wrapper.xcdatamodel; path = iOSClient.xcdatamodel; sourceTree = "<group>"; };
		11E2547821A63A1700CDB3A0 /* Assets.xcassets */ = {isa = PBXFileReference; lastKnownFileType = folder.assetcatalog; path = Assets.xcassets; sourceTree = "<group>"; };
		11E2547B21A63A1700CDB3A0 /* Base */ = {isa = PBXFileReference; lastKnownFileType = file.storyboard; name = Base; path = Base.lproj/LaunchScreen.storyboard; sourceTree = "<group>"; };
		11E2547D21A63A1700CDB3A0 /* Info.plist */ = {isa = PBXFileReference; lastKnownFileType = text.plist.xml; path = Info.plist; sourceTree = "<group>"; };
		11E2548221A63A1700CDB3A0 /* iOSClientTests.xctest */ = {isa = PBXFileReference; explicitFileType = wrapper.cfbundle; includeInIndex = 0; path = iOSClientTests.xctest; sourceTree = BUILT_PRODUCTS_DIR; };
		11E2548821A63A1700CDB3A0 /* Info.plist */ = {isa = PBXFileReference; lastKnownFileType = text.plist.xml; path = Info.plist; sourceTree = "<group>"; };
		11E2548D21A63A1700CDB3A0 /* iOSClientUITests.xctest */ = {isa = PBXFileReference; explicitFileType = wrapper.cfbundle; includeInIndex = 0; path = iOSClientUITests.xctest; sourceTree = BUILT_PRODUCTS_DIR; };
		11E2549121A63A1700CDB3A0 /* iOSClientUITests.swift */ = {isa = PBXFileReference; lastKnownFileType = sourcecode.swift; path = iOSClientUITests.swift; sourceTree = "<group>"; };
		11E2549321A63A1700CDB3A0 /* Info.plist */ = {isa = PBXFileReference; lastKnownFileType = text.plist.xml; path = Info.plist; sourceTree = "<group>"; };
		11E254A221A8E4EB00CDB3A0 /* UserManager.swift */ = {isa = PBXFileReference; lastKnownFileType = sourcecode.swift; path = UserManager.swift; sourceTree = "<group>"; };
		11FCA95621BF6B3B000E6FAD /* LoadingView.swift */ = {isa = PBXFileReference; lastKnownFileType = sourcecode.swift; path = LoadingView.swift; sourceTree = "<group>"; };
		303C7C49B6F1771E8DAB35CD /* Pods-iOSClientUITests.release.xcconfig */ = {isa = PBXFileReference; includeInIndex = 1; lastKnownFileType = text.xcconfig; name = "Pods-iOSClientUITests.release.xcconfig"; path = "Pods/Target Support Files/Pods-iOSClientUITests/Pods-iOSClientUITests.release.xcconfig"; sourceTree = "<group>"; };
		54BD005DB1FBAF3331E285D5 /* Pods_iOSClient.framework */ = {isa = PBXFileReference; explicitFileType = wrapper.framework; includeInIndex = 0; path = Pods_iOSClient.framework; sourceTree = BUILT_PRODUCTS_DIR; };
		75687C44B25721241417FFA3 /* Pods-iOSClientUITests.debug.xcconfig */ = {isa = PBXFileReference; includeInIndex = 1; lastKnownFileType = text.xcconfig; name = "Pods-iOSClientUITests.debug.xcconfig"; path = "Pods/Target Support Files/Pods-iOSClientUITests/Pods-iOSClientUITests.debug.xcconfig"; sourceTree = "<group>"; };
		7612A843D14D26DC594C7931 /* Pods_iOSClientTests.framework */ = {isa = PBXFileReference; explicitFileType = wrapper.framework; includeInIndex = 0; path = Pods_iOSClientTests.framework; sourceTree = BUILT_PRODUCTS_DIR; };
		A7E580B051633F1945E72F2E /* Pods-iOSClientTests.release.xcconfig */ = {isa = PBXFileReference; includeInIndex = 1; lastKnownFileType = text.xcconfig; name = "Pods-iOSClientTests.release.xcconfig"; path = "Pods/Target Support Files/Pods-iOSClientTests/Pods-iOSClientTests.release.xcconfig"; sourceTree = "<group>"; };
		B5C4BA463AEB4500FDCD762A /* Pods_iOSClientUITests.framework */ = {isa = PBXFileReference; explicitFileType = wrapper.framework; includeInIndex = 0; path = Pods_iOSClientUITests.framework; sourceTree = BUILT_PRODUCTS_DIR; };
		F2DA9A4BF2A34A93A1885BD5 /* Pods-iOSClient.release.xcconfig */ = {isa = PBXFileReference; includeInIndex = 1; lastKnownFileType = text.xcconfig; name = "Pods-iOSClient.release.xcconfig"; path = "Pods/Target Support Files/Pods-iOSClient/Pods-iOSClient.release.xcconfig"; sourceTree = "<group>"; };
		F615587FFEF3DD1930B47F05 /* Pods-iOSClient.debug.xcconfig */ = {isa = PBXFileReference; includeInIndex = 1; lastKnownFileType = text.xcconfig; name = "Pods-iOSClient.debug.xcconfig"; path = "Pods/Target Support Files/Pods-iOSClient/Pods-iOSClient.debug.xcconfig"; sourceTree = "<group>"; };
/* End PBXFileReference section */

/* Begin PBXFrameworksBuildPhase section */
		11E2546821A63A1600CDB3A0 /* Frameworks */ = {
			isa = PBXFrameworksBuildPhase;
			buildActionMask = 2147483647;
			files = (
				3A85EBF3C39088481C332293 /* Pods_iOSClient.framework in Frameworks */,
			);
			runOnlyForDeploymentPostprocessing = 0;
		};
		11E2547F21A63A1700CDB3A0 /* Frameworks */ = {
			isa = PBXFrameworksBuildPhase;
			buildActionMask = 2147483647;
			files = (
				0C55C6A74FFFEECD1DA3EA05 /* Pods_iOSClientTests.framework in Frameworks */,
			);
			runOnlyForDeploymentPostprocessing = 0;
		};
		11E2548A21A63A1700CDB3A0 /* Frameworks */ = {
			isa = PBXFrameworksBuildPhase;
			buildActionMask = 2147483647;
			files = (
				1C83CEE2B8481BED9F654868 /* Pods_iOSClientUITests.framework in Frameworks */,
			);
			runOnlyForDeploymentPostprocessing = 0;
		};
/* End PBXFrameworksBuildPhase section */

/* Begin PBXGroup section */
		110A099921AF412400C5C299 /* Views */ = {
			isa = PBXGroup;
			children = (
				110A099A21AF542500C5C299 /* LoginViewController.xib */,
				110A099C21AFCFAC00C5C299 /* CreateAccountViewController.xib */,
				11CF2DBA21BD9FC900E14A46 /* ChatroomViewController.xib */,
			);
			path = Views;
			sourceTree = "<group>";
		};
		110A099E21AFCFB400C5C299 /* ViewControllers */ = {
			isa = PBXGroup;
			children = (
				11E2547021A63A1600CDB3A0 /* LoginViewController.swift */,
				110A099F21AFCFE900C5C299 /* CreateAccountViewController.swift */,
				11CF2DB921BD9FC900E14A46 /* ChatroomViewController.swift */,
			);
			path = ViewControllers;
			sourceTree = "<group>";
		};
		110A09A121AFD31200C5C299 /* Coordinators */ = {
			isa = PBXGroup;
			children = (
				110A09A221AFD32900C5C299 /* AppCoordinator.swift */,
				110A09A421AFD89F00C5C299 /* AuthCoordinator.swift */,
				11CF2DB721BD9C8900E14A46 /* ChatCoordinator.swift */,
			);
			path = Coordinators;
			sourceTree = "<group>";
		};
		116CA36F21ADD9CD00D62768 /* Managers */ = {
			isa = PBXGroup;
			children = (
				116CA37021ADD9DD00D62768 /* ChatManager.swift */,
				11E254A221A8E4EB00CDB3A0 /* UserManager.swift */,
			);
			path = Managers;
			sourceTree = "<group>";
		};
		11AF121421C1F76A00E40527 /* Models */ = {
			isa = PBXGroup;
			children = (
				116672B121CCBBFB0058FE65 /* Channel.swift */,
				11D887DE21C20FAD0012A17F /* DatabaseRepresentation.swift */,
				11AF121521C1F7A000E40527 /* Message.swift */,
			);
			path = Models;
			sourceTree = "<group>";
		};
		11E2546221A63A1600CDB3A0 = {
			isa = PBXGroup;
			children = (
				11E2546D21A63A1600CDB3A0 /* iOSClient */,
				11E2548521A63A1700CDB3A0 /* iOSClientTests */,
				11E2549021A63A1700CDB3A0 /* iOSClientUITests */,
				11E2546C21A63A1600CDB3A0 /* Products */,
				372E76016F87E2CA966522FB /* Pods */,
				2712DBB2EB1F81F760A21BB1 /* Frameworks */,
			);
			sourceTree = "<group>";
		};
		11E2546C21A63A1600CDB3A0 /* Products */ = {
			isa = PBXGroup;
			children = (
				11E2546B21A63A1600CDB3A0 /* iOSClient.app */,
				11E2548221A63A1700CDB3A0 /* iOSClientTests.xctest */,
				11E2548D21A63A1700CDB3A0 /* iOSClientUITests.xctest */,
			);
			name = Products;
			sourceTree = "<group>";
		};
		11E2546D21A63A1600CDB3A0 /* iOSClient */ = {
			isa = PBXGroup;
			children = (
				1100427F21D2E2840031A3F1 /* iOSClient.entitlements */,
				116672B321CCE6D70058FE65 /* GoogleService-Info.plist */,
				11AF121421C1F76A00E40527 /* Models */,
				11FCA95421BF6B07000E6FAD /* Extensions */,
				110A09A121AFD31200C5C299 /* Coordinators */,
				110A099921AF412400C5C299 /* Views */,
				116CA36F21ADD9CD00D62768 /* Managers */,
				110A099E21AFCFB400C5C299 /* ViewControllers */,
				116CA37321ADDBEC00D62768 /* User.swift */,
				11E2546E21A63A1600CDB3A0 /* AppDelegate.swift */,
				11E2547821A63A1700CDB3A0 /* Assets.xcassets */,
				11E2547A21A63A1700CDB3A0 /* LaunchScreen.storyboard */,
				11E2547521A63A1600CDB3A0 /* iOSClient.xcdatamodeld */,
				11E2547D21A63A1700CDB3A0 /* Info.plist */,
				116CA37821ADF71700D62768 /* PercentLayoutConstraint.swift */,
			);
			path = iOSClient;
			sourceTree = "<group>";
		};
		11E2548521A63A1700CDB3A0 /* iOSClientTests */ = {
			isa = PBXGroup;
			children = (
				11E2548821A63A1700CDB3A0 /* Info.plist */,
			);
			path = iOSClientTests;
			sourceTree = "<group>";
		};
		11E2549021A63A1700CDB3A0 /* iOSClientUITests */ = {
			isa = PBXGroup;
			children = (
				11E2549121A63A1700CDB3A0 /* iOSClientUITests.swift */,
				11E2549321A63A1700CDB3A0 /* Info.plist */,
			);
			path = iOSClientUITests;
			sourceTree = "<group>";
		};
		11FCA95421BF6B07000E6FAD /* Extensions */ = {
			isa = PBXGroup;
			children = (
				11AF121A21C1FF3F00E40527 /* UICollectionView+Additions.swift */,
				11AF121C21C1FF3F00E40527 /* UIColor+Additions.swift */,
				11AF121921C1FF3E00E40527 /* UIImage+Additions.swift */,
				11AF121B21C1FF3F00E40527 /* UIView+Additions.swift */,
				11FCA95621BF6B3B000E6FAD /* LoadingView.swift */,
			);
			path = Extensions;
			sourceTree = "<group>";
		};
		2712DBB2EB1F81F760A21BB1 /* Frameworks */ = {
			isa = PBXGroup;
			children = (
				54BD005DB1FBAF3331E285D5 /* Pods_iOSClient.framework */,
				7612A843D14D26DC594C7931 /* Pods_iOSClientTests.framework */,
				B5C4BA463AEB4500FDCD762A /* Pods_iOSClientUITests.framework */,
			);
			name = Frameworks;
			sourceTree = "<group>";
		};
		372E76016F87E2CA966522FB /* Pods */ = {
			isa = PBXGroup;
			children = (
				F615587FFEF3DD1930B47F05 /* Pods-iOSClient.debug.xcconfig */,
				F2DA9A4BF2A34A93A1885BD5 /* Pods-iOSClient.release.xcconfig */,
				07726B03E2EC2019792A0C31 /* Pods-iOSClientTests.debug.xcconfig */,
				A7E580B051633F1945E72F2E /* Pods-iOSClientTests.release.xcconfig */,
				75687C44B25721241417FFA3 /* Pods-iOSClientUITests.debug.xcconfig */,
				303C7C49B6F1771E8DAB35CD /* Pods-iOSClientUITests.release.xcconfig */,
			);
			name = Pods;
			sourceTree = "<group>";
		};
/* End PBXGroup section */

/* Begin PBXNativeTarget section */
		11E2546A21A63A1600CDB3A0 /* iOSClient */ = {
			isa = PBXNativeTarget;
			buildConfigurationList = 11E2549621A63A1700CDB3A0 /* Build configuration list for PBXNativeTarget "iOSClient" */;
			buildPhases = (
				513985128A2515EAF4CC3C85 /* [CP] Check Pods Manifest.lock */,
				11E2546721A63A1600CDB3A0 /* Sources */,
				11E2546821A63A1600CDB3A0 /* Frameworks */,
				11E2546921A63A1600CDB3A0 /* Resources */,
				2A3518964F18478F0D45E57D /* [CP] Embed Pods Frameworks */,
				AFA0A38AE6A85CC97BBC78B6 /* [CP] Copy Pods Resources */,
			);
			buildRules = (
			);
			dependencies = (
			);
			name = iOSClient;
			productName = iOSClient;
			productReference = 11E2546B21A63A1600CDB3A0 /* iOSClient.app */;
			productType = "com.apple.product-type.application";
		};
		11E2548121A63A1700CDB3A0 /* iOSClientTests */ = {
			isa = PBXNativeTarget;
			buildConfigurationList = 11E2549921A63A1700CDB3A0 /* Build configuration list for PBXNativeTarget "iOSClientTests" */;
			buildPhases = (
				66653115B361CEE25AD38A4F /* [CP] Check Pods Manifest.lock */,
				11E2547E21A63A1700CDB3A0 /* Sources */,
				11E2547F21A63A1700CDB3A0 /* Frameworks */,
				11E2548021A63A1700CDB3A0 /* Resources */,
			);
			buildRules = (
			);
			dependencies = (
				11E2548421A63A1700CDB3A0 /* PBXTargetDependency */,
			);
			name = iOSClientTests;
			productName = iOSClientTests;
			productReference = 11E2548221A63A1700CDB3A0 /* iOSClientTests.xctest */;
			productType = "com.apple.product-type.bundle.unit-test";
		};
		11E2548C21A63A1700CDB3A0 /* iOSClientUITests */ = {
			isa = PBXNativeTarget;
			buildConfigurationList = 11E2549C21A63A1700CDB3A0 /* Build configuration list for PBXNativeTarget "iOSClientUITests" */;
			buildPhases = (
				66F42CA5242AE32438ABDD60 /* [CP] Check Pods Manifest.lock */,
				11E2548921A63A1700CDB3A0 /* Sources */,
				11E2548A21A63A1700CDB3A0 /* Frameworks */,
				11E2548B21A63A1700CDB3A0 /* Resources */,
			);
			buildRules = (
			);
			dependencies = (
				11E2548F21A63A1700CDB3A0 /* PBXTargetDependency */,
			);
			name = iOSClientUITests;
			productName = iOSClientUITests;
			productReference = 11E2548D21A63A1700CDB3A0 /* iOSClientUITests.xctest */;
			productType = "com.apple.product-type.bundle.ui-testing";
		};
/* End PBXNativeTarget section */

/* Begin PBXProject section */
		11E2546321A63A1600CDB3A0 /* Project object */ = {
			isa = PBXProject;
			attributes = {
				LastSwiftUpdateCheck = 1010;
				LastUpgradeCheck = 1010;
				ORGANIZATIONNAME = Milad;
				TargetAttributes = {
					11E2546A21A63A1600CDB3A0 = {
						CreatedOnToolsVersion = 10.1;
						SystemCapabilities = {
							com.apple.Push = {
								enabled = 1;
							};
						};
					};
					11E2548121A63A1700CDB3A0 = {
						CreatedOnToolsVersion = 10.1;
						LastSwiftMigration = 1010;
						TestTargetID = 11E2546A21A63A1600CDB3A0;
					};
					11E2548C21A63A1700CDB3A0 = {
						CreatedOnToolsVersion = 10.1;
						TestTargetID = 11E2546A21A63A1600CDB3A0;
					};
				};
			};
			buildConfigurationList = 11E2546621A63A1600CDB3A0 /* Build configuration list for PBXProject "iOSClient" */;
			compatibilityVersion = "Xcode 9.3";
			developmentRegion = en;
			hasScannedForEncodings = 0;
			knownRegions = (
				en,
				Base,
			);
			mainGroup = 11E2546221A63A1600CDB3A0;
			productRefGroup = 11E2546C21A63A1600CDB3A0 /* Products */;
			projectDirPath = "";
			projectRoot = "";
			targets = (
				11E2546A21A63A1600CDB3A0 /* iOSClient */,
				11E2548121A63A1700CDB3A0 /* iOSClientTests */,
				11E2548C21A63A1700CDB3A0 /* iOSClientUITests */,
			);
		};
/* End PBXProject section */

/* Begin PBXResourcesBuildPhase section */
		11E2546921A63A1600CDB3A0 /* Resources */ = {
			isa = PBXResourcesBuildPhase;
			buildActionMask = 2147483647;
			files = (
				110A099D21AFCFAC00C5C299 /* CreateAccountViewController.xib in Resources */,
				11E2547C21A63A1700CDB3A0 /* LaunchScreen.storyboard in Resources */,
				11E2547921A63A1700CDB3A0 /* Assets.xcassets in Resources */,
				110A099B21AF542500C5C299 /* LoginViewController.xib in Resources */,
				11CF2DBC21BD9FC900E14A46 /* ChatroomViewController.xib in Resources */,
				116672B421CCE6D70058FE65 /* GoogleService-Info.plist in Resources */,
			);
			runOnlyForDeploymentPostprocessing = 0;
		};
		11E2548021A63A1700CDB3A0 /* Resources */ = {
			isa = PBXResourcesBuildPhase;
			buildActionMask = 2147483647;
			files = (
			);
			runOnlyForDeploymentPostprocessing = 0;
		};
		11E2548B21A63A1700CDB3A0 /* Resources */ = {
			isa = PBXResourcesBuildPhase;
			buildActionMask = 2147483647;
			files = (
			);
			runOnlyForDeploymentPostprocessing = 0;
		};
/* End PBXResourcesBuildPhase section */

/* Begin PBXShellScriptBuildPhase section */
		2A3518964F18478F0D45E57D /* [CP] Embed Pods Frameworks */ = {
			isa = PBXShellScriptBuildPhase;
			buildActionMask = 2147483647;
			files = (
			);
			inputFileListPaths = (
			);
			inputPaths = (
				"${SRCROOT}/Pods/Target Support Files/Pods-iOSClient/Pods-iOSClient-frameworks.sh",
				"${BUILT_PRODUCTS_DIR}/BoringSSL/openssl.framework",
				"${BUILT_PRODUCTS_DIR}/GTMSessionFetcher/GTMSessionFetcher.framework",
				"${BUILT_PRODUCTS_DIR}/GoogleUtilities/GoogleUtilities.framework",
				"${BUILT_PRODUCTS_DIR}/MBProgressHUD/MBProgressHUD.framework",
				"${BUILT_PRODUCTS_DIR}/MessageInputBar/MessageInputBar.framework",
				"${BUILT_PRODUCTS_DIR}/MessageKit/MessageKit.framework",
				"${BUILT_PRODUCTS_DIR}/Protobuf/Protobuf.framework",
				"${BUILT_PRODUCTS_DIR}/gRPC-C++/grpcpp.framework",
				"${BUILT_PRODUCTS_DIR}/gRPC-Core/grpc.framework",
				"${BUILT_PRODUCTS_DIR}/leveldb-library/leveldb.framework",
				"${BUILT_PRODUCTS_DIR}/nanopb/nanopb.framework",
			);
			name = "[CP] Embed Pods Frameworks";
			outputFileListPaths = (
			);
			outputPaths = (
				"${TARGET_BUILD_DIR}/${FRAMEWORKS_FOLDER_PATH}/openssl.framework",
				"${TARGET_BUILD_DIR}/${FRAMEWORKS_FOLDER_PATH}/GTMSessionFetcher.framework",
				"${TARGET_BUILD_DIR}/${FRAMEWORKS_FOLDER_PATH}/GoogleUtilities.framework",
				"${TARGET_BUILD_DIR}/${FRAMEWORKS_FOLDER_PATH}/MBProgressHUD.framework",
				"${TARGET_BUILD_DIR}/${FRAMEWORKS_FOLDER_PATH}/MessageInputBar.framework",
				"${TARGET_BUILD_DIR}/${FRAMEWORKS_FOLDER_PATH}/MessageKit.framework",
				"${TARGET_BUILD_DIR}/${FRAMEWORKS_FOLDER_PATH}/Protobuf.framework",
				"${TARGET_BUILD_DIR}/${FRAMEWORKS_FOLDER_PATH}/grpcpp.framework",
				"${TARGET_BUILD_DIR}/${FRAMEWORKS_FOLDER_PATH}/grpc.framework",
				"${TARGET_BUILD_DIR}/${FRAMEWORKS_FOLDER_PATH}/leveldb.framework",
				"${TARGET_BUILD_DIR}/${FRAMEWORKS_FOLDER_PATH}/nanopb.framework",
			);
			runOnlyForDeploymentPostprocessing = 0;
			shellPath = /bin/sh;
			shellScript = "\"${SRCROOT}/Pods/Target Support Files/Pods-iOSClient/Pods-iOSClient-frameworks.sh\"\n";
			showEnvVarsInLog = 0;
		};
		513985128A2515EAF4CC3C85 /* [CP] Check Pods Manifest.lock */ = {
			isa = PBXShellScriptBuildPhase;
			buildActionMask = 2147483647;
			files = (
			);
			inputFileListPaths = (
			);
			inputPaths = (
				"${PODS_PODFILE_DIR_PATH}/Podfile.lock",
				"${PODS_ROOT}/Manifest.lock",
			);
			name = "[CP] Check Pods Manifest.lock";
			outputFileListPaths = (
			);
			outputPaths = (
				"$(DERIVED_FILE_DIR)/Pods-iOSClient-checkManifestLockResult.txt",
			);
			runOnlyForDeploymentPostprocessing = 0;
			shellPath = /bin/sh;
			shellScript = "diff \"${PODS_PODFILE_DIR_PATH}/Podfile.lock\" \"${PODS_ROOT}/Manifest.lock\" > /dev/null\nif [ $? != 0 ] ; then\n    # print error to STDERR\n    echo \"error: The sandbox is not in sync with the Podfile.lock. Run 'pod install' or update your CocoaPods installation.\" >&2\n    exit 1\nfi\n# This output is used by Xcode 'outputs' to avoid re-running this script phase.\necho \"SUCCESS\" > \"${SCRIPT_OUTPUT_FILE_0}\"\n";
			showEnvVarsInLog = 0;
		};
		66653115B361CEE25AD38A4F /* [CP] Check Pods Manifest.lock */ = {
			isa = PBXShellScriptBuildPhase;
			buildActionMask = 2147483647;
			files = (
			);
			inputFileListPaths = (
			);
			inputPaths = (
				"${PODS_PODFILE_DIR_PATH}/Podfile.lock",
				"${PODS_ROOT}/Manifest.lock",
			);
			name = "[CP] Check Pods Manifest.lock";
			outputFileListPaths = (
			);
			outputPaths = (
				"$(DERIVED_FILE_DIR)/Pods-iOSClientTests-checkManifestLockResult.txt",
			);
			runOnlyForDeploymentPostprocessing = 0;
			shellPath = /bin/sh;
			shellScript = "diff \"${PODS_PODFILE_DIR_PATH}/Podfile.lock\" \"${PODS_ROOT}/Manifest.lock\" > /dev/null\nif [ $? != 0 ] ; then\n    # print error to STDERR\n    echo \"error: The sandbox is not in sync with the Podfile.lock. Run 'pod install' or update your CocoaPods installation.\" >&2\n    exit 1\nfi\n# This output is used by Xcode 'outputs' to avoid re-running this script phase.\necho \"SUCCESS\" > \"${SCRIPT_OUTPUT_FILE_0}\"\n";
			showEnvVarsInLog = 0;
		};
		66F42CA5242AE32438ABDD60 /* [CP] Check Pods Manifest.lock */ = {
			isa = PBXShellScriptBuildPhase;
			buildActionMask = 2147483647;
			files = (
			);
			inputFileListPaths = (
			);
			inputPaths = (
				"${PODS_PODFILE_DIR_PATH}/Podfile.lock",
				"${PODS_ROOT}/Manifest.lock",
			);
			name = "[CP] Check Pods Manifest.lock";
			outputFileListPaths = (
			);
			outputPaths = (
				"$(DERIVED_FILE_DIR)/Pods-iOSClientUITests-checkManifestLockResult.txt",
			);
			runOnlyForDeploymentPostprocessing = 0;
			shellPath = /bin/sh;
			shellScript = "diff \"${PODS_PODFILE_DIR_PATH}/Podfile.lock\" \"${PODS_ROOT}/Manifest.lock\" > /dev/null\nif [ $? != 0 ] ; then\n    # print error to STDERR\n    echo \"error: The sandbox is not in sync with the Podfile.lock. Run 'pod install' or update your CocoaPods installation.\" >&2\n    exit 1\nfi\n# This output is used by Xcode 'outputs' to avoid re-running this script phase.\necho \"SUCCESS\" > \"${SCRIPT_OUTPUT_FILE_0}\"\n";
			showEnvVarsInLog = 0;
		};
		AFA0A38AE6A85CC97BBC78B6 /* [CP] Copy Pods Resources */ = {
			isa = PBXShellScriptBuildPhase;
			buildActionMask = 2147483647;
			files = (
			);
			inputFileListPaths = (
			);
			inputPaths = (
				"${SRCROOT}/Pods/Target Support Files/Pods-iOSClient/Pods-iOSClient-resources.sh",
				"${PODS_CONFIGURATION_BUILD_DIR}/FirebaseFirestore/gRPCCertificates-Firestore.bundle",
			);
			name = "[CP] Copy Pods Resources";
			outputFileListPaths = (
			);
			outputPaths = (
				"${TARGET_BUILD_DIR}/${UNLOCALIZED_RESOURCES_FOLDER_PATH}/gRPCCertificates-Firestore.bundle",
			);
			runOnlyForDeploymentPostprocessing = 0;
			shellPath = /bin/sh;
			shellScript = "\"${SRCROOT}/Pods/Target Support Files/Pods-iOSClient/Pods-iOSClient-resources.sh\"\n";
			showEnvVarsInLog = 0;
		};
/* End PBXShellScriptBuildPhase section */

/* Begin PBXSourcesBuildPhase section */
		11E2546721A63A1600CDB3A0 /* Sources */ = {
			isa = PBXSourcesBuildPhase;
			buildActionMask = 2147483647;
			files = (
				110A09A521AFD89F00C5C299 /* AuthCoordinator.swift in Sources */,
				116672B221CCBBFB0058FE65 /* Channel.swift in Sources */,
				116CA37221ADDA3200D62768 /* UserManager.swift in Sources */,
				11CF2DB821BD9C8900E14A46 /* ChatCoordinator.swift in Sources */,
				116CA37121ADD9DD00D62768 /* ChatManager.swift in Sources */,
				11AF121E21C1FF3F00E40527 /* UICollectionView+Additions.swift in Sources */,
				116CA37421ADDBEC00D62768 /* User.swift in Sources */,
				11E2547121A63A1600CDB3A0 /* LoginViewController.swift in Sources */,
				110A09A021AFCFE900C5C299 /* CreateAccountViewController.swift in Sources */,
				116CA37921ADF71700D62768 /* PercentLayoutConstraint.swift in Sources */,
				11D887DF21C20FAD0012A17F /* DatabaseRepresentation.swift in Sources */,
				110A09A321AFD32900C5C299 /* AppCoordinator.swift in Sources */,
				11E2547721A63A1600CDB3A0 /* iOSClient.xcdatamodeld in Sources */,
				11AF121F21C1FF3F00E40527 /* UIView+Additions.swift in Sources */,
				11E2546F21A63A1600CDB3A0 /* AppDelegate.swift in Sources */,
				11FCA95721BF6B3B000E6FAD /* LoadingView.swift in Sources */,
				11CF2DBB21BD9FC900E14A46 /* ChatroomViewController.swift in Sources */,
				11AF121621C1F7A000E40527 /* Message.swift in Sources */,
				11AF121D21C1FF3F00E40527 /* UIImage+Additions.swift in Sources */,
				11AF122021C1FF3F00E40527 /* UIColor+Additions.swift in Sources */,
			);
			runOnlyForDeploymentPostprocessing = 0;
		};
		11E2547E21A63A1700CDB3A0 /* Sources */ = {
			isa = PBXSourcesBuildPhase;
			buildActionMask = 2147483647;
			files = (
			);
			runOnlyForDeploymentPostprocessing = 0;
		};
		11E2548921A63A1700CDB3A0 /* Sources */ = {
			isa = PBXSourcesBuildPhase;
			buildActionMask = 2147483647;
			files = (
				11E2549221A63A1700CDB3A0 /* iOSClientUITests.swift in Sources */,
			);
			runOnlyForDeploymentPostprocessing = 0;
		};
/* End PBXSourcesBuildPhase section */

/* Begin PBXTargetDependency section */
		11E2548421A63A1700CDB3A0 /* PBXTargetDependency */ = {
			isa = PBXTargetDependency;
			target = 11E2546A21A63A1600CDB3A0 /* iOSClient */;
			targetProxy = 11E2548321A63A1700CDB3A0 /* PBXContainerItemProxy */;
		};
		11E2548F21A63A1700CDB3A0 /* PBXTargetDependency */ = {
			isa = PBXTargetDependency;
			target = 11E2546A21A63A1600CDB3A0 /* iOSClient */;
			targetProxy = 11E2548E21A63A1700CDB3A0 /* PBXContainerItemProxy */;
		};
/* End PBXTargetDependency section */

/* Begin PBXVariantGroup section */
		11E2547A21A63A1700CDB3A0 /* LaunchScreen.storyboard */ = {
			isa = PBXVariantGroup;
			children = (
				11E2547B21A63A1700CDB3A0 /* Base */,
			);
			name = LaunchScreen.storyboard;
			sourceTree = "<group>";
		};
/* End PBXVariantGroup section */

/* Begin XCBuildConfiguration section */
		11E2549421A63A1700CDB3A0 /* Debug */ = {
			isa = XCBuildConfiguration;
			buildSettings = {
				ALWAYS_SEARCH_USER_PATHS = NO;
				CLANG_ANALYZER_NONNULL = YES;
				CLANG_ANALYZER_NUMBER_OBJECT_CONVERSION = YES_AGGRESSIVE;
				CLANG_CXX_LANGUAGE_STANDARD = "gnu++14";
				CLANG_CXX_LIBRARY = "libc++";
				CLANG_ENABLE_MODULES = YES;
				CLANG_ENABLE_OBJC_ARC = YES;
				CLANG_ENABLE_OBJC_WEAK = YES;
				CLANG_WARN_BLOCK_CAPTURE_AUTORELEASING = YES;
				CLANG_WARN_BOOL_CONVERSION = YES;
				CLANG_WARN_COMMA = YES;
				CLANG_WARN_CONSTANT_CONVERSION = YES;
				CLANG_WARN_DEPRECATED_OBJC_IMPLEMENTATIONS = YES;
				CLANG_WARN_DIRECT_OBJC_ISA_USAGE = YES_ERROR;
				CLANG_WARN_DOCUMENTATION_COMMENTS = YES;
				CLANG_WARN_EMPTY_BODY = YES;
				CLANG_WARN_ENUM_CONVERSION = YES;
				CLANG_WARN_INFINITE_RECURSION = YES;
				CLANG_WARN_INT_CONVERSION = YES;
				CLANG_WARN_NON_LITERAL_NULL_CONVERSION = YES;
				CLANG_WARN_OBJC_IMPLICIT_RETAIN_SELF = YES;
				CLANG_WARN_OBJC_LITERAL_CONVERSION = YES;
				CLANG_WARN_OBJC_ROOT_CLASS = YES_ERROR;
				CLANG_WARN_RANGE_LOOP_ANALYSIS = YES;
				CLANG_WARN_STRICT_PROTOTYPES = YES;
				CLANG_WARN_SUSPICIOUS_MOVE = YES;
				CLANG_WARN_UNGUARDED_AVAILABILITY = YES_AGGRESSIVE;
				CLANG_WARN_UNREACHABLE_CODE = YES;
				CLANG_WARN__DUPLICATE_METHOD_MATCH = YES;
				CODE_SIGN_IDENTITY = "iPhone Developer";
				COPY_PHASE_STRIP = NO;
				DEBUG_INFORMATION_FORMAT = dwarf;
				ENABLE_STRICT_OBJC_MSGSEND = YES;
				ENABLE_TESTABILITY = YES;
				GCC_C_LANGUAGE_STANDARD = gnu11;
				GCC_DYNAMIC_NO_PIC = NO;
				GCC_NO_COMMON_BLOCKS = YES;
				GCC_OPTIMIZATION_LEVEL = 0;
				GCC_PREPROCESSOR_DEFINITIONS = (
					"DEBUG=1",
					"$(inherited)",
				);
				GCC_WARN_64_TO_32_BIT_CONVERSION = YES;
				GCC_WARN_ABOUT_RETURN_TYPE = YES_ERROR;
				GCC_WARN_UNDECLARED_SELECTOR = YES;
				GCC_WARN_UNINITIALIZED_AUTOS = YES_AGGRESSIVE;
				GCC_WARN_UNUSED_FUNCTION = YES;
				GCC_WARN_UNUSED_VARIABLE = YES;
				IPHONEOS_DEPLOYMENT_TARGET = 11.4;
				MTL_ENABLE_DEBUG_INFO = INCLUDE_SOURCE;
				MTL_FAST_MATH = YES;
				ONLY_ACTIVE_ARCH = YES;
				SDKROOT = iphoneos;
				SWIFT_ACTIVE_COMPILATION_CONDITIONS = DEBUG;
				SWIFT_OPTIMIZATION_LEVEL = "-Onone";
				SWIFT_VERSION = 4.2;
			};
			name = Debug;
		};
		11E2549521A63A1700CDB3A0 /* Release */ = {
			isa = XCBuildConfiguration;
			buildSettings = {
				ALWAYS_SEARCH_USER_PATHS = NO;
				CLANG_ANALYZER_NONNULL = YES;
				CLANG_ANALYZER_NUMBER_OBJECT_CONVERSION = YES_AGGRESSIVE;
				CLANG_CXX_LANGUAGE_STANDARD = "gnu++14";
				CLANG_CXX_LIBRARY = "libc++";
				CLANG_ENABLE_MODULES = YES;
				CLANG_ENABLE_OBJC_ARC = YES;
				CLANG_ENABLE_OBJC_WEAK = YES;
				CLANG_WARN_BLOCK_CAPTURE_AUTORELEASING = YES;
				CLANG_WARN_BOOL_CONVERSION = YES;
				CLANG_WARN_COMMA = YES;
				CLANG_WARN_CONSTANT_CONVERSION = YES;
				CLANG_WARN_DEPRECATED_OBJC_IMPLEMENTATIONS = YES;
				CLANG_WARN_DIRECT_OBJC_ISA_USAGE = YES_ERROR;
				CLANG_WARN_DOCUMENTATION_COMMENTS = YES;
				CLANG_WARN_EMPTY_BODY = YES;
				CLANG_WARN_ENUM_CONVERSION = YES;
				CLANG_WARN_INFINITE_RECURSION = YES;
				CLANG_WARN_INT_CONVERSION = YES;
				CLANG_WARN_NON_LITERAL_NULL_CONVERSION = YES;
				CLANG_WARN_OBJC_IMPLICIT_RETAIN_SELF = YES;
				CLANG_WARN_OBJC_LITERAL_CONVERSION = YES;
				CLANG_WARN_OBJC_ROOT_CLASS = YES_ERROR;
				CLANG_WARN_RANGE_LOOP_ANALYSIS = YES;
				CLANG_WARN_STRICT_PROTOTYPES = YES;
				CLANG_WARN_SUSPICIOUS_MOVE = YES;
				CLANG_WARN_UNGUARDED_AVAILABILITY = YES_AGGRESSIVE;
				CLANG_WARN_UNREACHABLE_CODE = YES;
				CLANG_WARN__DUPLICATE_METHOD_MATCH = YES;
				CODE_SIGN_IDENTITY = "iPhone Developer";
				COPY_PHASE_STRIP = NO;
				DEBUG_INFORMATION_FORMAT = "dwarf-with-dsym";
				ENABLE_NS_ASSERTIONS = NO;
				ENABLE_STRICT_OBJC_MSGSEND = YES;
				GCC_C_LANGUAGE_STANDARD = gnu11;
				GCC_NO_COMMON_BLOCKS = YES;
				GCC_WARN_64_TO_32_BIT_CONVERSION = YES;
				GCC_WARN_ABOUT_RETURN_TYPE = YES_ERROR;
				GCC_WARN_UNDECLARED_SELECTOR = YES;
				GCC_WARN_UNINITIALIZED_AUTOS = YES_AGGRESSIVE;
				GCC_WARN_UNUSED_FUNCTION = YES;
				GCC_WARN_UNUSED_VARIABLE = YES;
				IPHONEOS_DEPLOYMENT_TARGET = 11.4;
				MTL_ENABLE_DEBUG_INFO = NO;
				MTL_FAST_MATH = YES;
				SDKROOT = iphoneos;
				SWIFT_COMPILATION_MODE = wholemodule;
				SWIFT_OPTIMIZATION_LEVEL = "-O";
				SWIFT_VERSION = 4.2;
				VALIDATE_PRODUCT = YES;
			};
			name = Release;
		};
		11E2549721A63A1700CDB3A0 /* Debug */ = {
			isa = XCBuildConfiguration;
			baseConfigurationReference = F615587FFEF3DD1930B47F05 /* Pods-iOSClient.debug.xcconfig */;
			buildSettings = {
				ASSETCATALOG_COMPILER_APPICON_NAME = AppIcon;
				CODE_SIGN_ENTITLEMENTS = iOSClient/iOSClient.entitlements;
				CODE_SIGN_IDENTITY = "iPhone Developer";
				CODE_SIGN_STYLE = Automatic;
				DEVELOPMENT_TEAM = V7LNKYNJ2Z;
				INFOPLIST_FILE = iOSClient/Info.plist;
				IPHONEOS_DEPLOYMENT_TARGET = 11.2;
				LD_RUNPATH_SEARCH_PATHS = (
					"$(inherited)",
					"@executable_path/Frameworks",
				);
				PRODUCT_BUNDLE_IDENTIFIER = shadow.chat.milad.1;
				PRODUCT_NAME = "$(TARGET_NAME)";
				PROVISIONING_PROFILE_SPECIFIER = "";
				SWIFT_VERSION = 4.2;
				TARGETED_DEVICE_FAMILY = "1,2";
			};
			name = Debug;
		};
		11E2549821A63A1700CDB3A0 /* Release */ = {
			isa = XCBuildConfiguration;
			baseConfigurationReference = F2DA9A4BF2A34A93A1885BD5 /* Pods-iOSClient.release.xcconfig */;
			buildSettings = {
				ASSETCATALOG_COMPILER_APPICON_NAME = AppIcon;
				CODE_SIGN_ENTITLEMENTS = iOSClient/iOSClient.entitlements;
				CODE_SIGN_IDENTITY = "iPhone Developer";
				CODE_SIGN_STYLE = Automatic;
				DEVELOPMENT_TEAM = V7LNKYNJ2Z;
				INFOPLIST_FILE = iOSClient/Info.plist;
				IPHONEOS_DEPLOYMENT_TARGET = 11.2;
				LD_RUNPATH_SEARCH_PATHS = (
					"$(inherited)",
					"@executable_path/Frameworks",
				);
				PRODUCT_BUNDLE_IDENTIFIER = shadow.chat.milad.1;
				PRODUCT_NAME = "$(TARGET_NAME)";
				PROVISIONING_PROFILE_SPECIFIER = "";
				SWIFT_VERSION = 4.2;
				TARGETED_DEVICE_FAMILY = "1,2";
			};
			name = Release;
		};
		11E2549A21A63A1700CDB3A0 /* Debug */ = {
			isa = XCBuildConfiguration;
			baseConfigurationReference = 07726B03E2EC2019792A0C31 /* Pods-iOSClientTests.debug.xcconfig */;
			buildSettings = {
				ALWAYS_EMBED_SWIFT_STANDARD_LIBRARIES = YES;
				BUNDLE_LOADER = "$(TEST_HOST)";
				CLANG_ENABLE_MODULES = YES;
				CODE_SIGN_STYLE = Automatic;
				DEVELOPMENT_TEAM = V7LNKYNJ2Z;
				INFOPLIST_FILE = iOSClientTests/Info.plist;
				LD_RUNPATH_SEARCH_PATHS = (
					"$(inherited)",
					"@executable_path/Frameworks",
					"@loader_path/Frameworks",
				);
				PRODUCT_BUNDLE_IDENTIFIER = com.milad.chat.iOSClientTests;
				PRODUCT_NAME = "$(TARGET_NAME)";
				SWIFT_OPTIMIZATION_LEVEL = "-Onone";
				SWIFT_VERSION = 4.2;
				TARGETED_DEVICE_FAMILY = "1,2";
				TEST_HOST = "$(BUILT_PRODUCTS_DIR)/iOSClient.app/iOSClient";
			};
			name = Debug;
		};
		11E2549B21A63A1700CDB3A0 /* Release */ = {
			isa = XCBuildConfiguration;
			baseConfigurationReference = A7E580B051633F1945E72F2E /* Pods-iOSClientTests.release.xcconfig */;
			buildSettings = {
				ALWAYS_EMBED_SWIFT_STANDARD_LIBRARIES = YES;
				BUNDLE_LOADER = "$(TEST_HOST)";
				CLANG_ENABLE_MODULES = YES;
				CODE_SIGN_STYLE = Automatic;
				DEVELOPMENT_TEAM = V7LNKYNJ2Z;
				INFOPLIST_FILE = iOSClientTests/Info.plist;
				LD_RUNPATH_SEARCH_PATHS = (
					"$(inherited)",
					"@executable_path/Frameworks",
					"@loader_path/Frameworks",
				);
				PRODUCT_BUNDLE_IDENTIFIER = com.milad.chat.iOSClientTests;
				PRODUCT_NAME = "$(TARGET_NAME)";
				SWIFT_VERSION = 4.2;
				TARGETED_DEVICE_FAMILY = "1,2";
				TEST_HOST = "$(BUILT_PRODUCTS_DIR)/iOSClient.app/iOSClient";
			};
			name = Release;
		};
		11E2549D21A63A1700CDB3A0 /* Debug */ = {
			isa = XCBuildConfiguration;
			baseConfigurationReference = 75687C44B25721241417FFA3 /* Pods-iOSClientUITests.debug.xcconfig */;
			buildSettings = {
				ALWAYS_EMBED_SWIFT_STANDARD_LIBRARIES = YES;
				CODE_SIGN_STYLE = Automatic;
				DEVELOPMENT_TEAM = V7LNKYNJ2Z;
				INFOPLIST_FILE = iOSClientUITests/Info.plist;
				LD_RUNPATH_SEARCH_PATHS = (
					"$(inherited)",
					"@executable_path/Frameworks",
					"@loader_path/Frameworks",
				);
				PRODUCT_BUNDLE_IDENTIFIER = com.milad.chat.iOSClientUITests;
				PRODUCT_NAME = "$(TARGET_NAME)";
				SWIFT_VERSION = 4.2;
				TARGETED_DEVICE_FAMILY = "1,2";
				TEST_TARGET_NAME = iOSClient;
			};
			name = Debug;
		};
		11E2549E21A63A1700CDB3A0 /* Release */ = {
			isa = XCBuildConfiguration;
			baseConfigurationReference = 303C7C49B6F1771E8DAB35CD /* Pods-iOSClientUITests.release.xcconfig */;
			buildSettings = {
				ALWAYS_EMBED_SWIFT_STANDARD_LIBRARIES = YES;
				CODE_SIGN_STYLE = Automatic;
				DEVELOPMENT_TEAM = V7LNKYNJ2Z;
				INFOPLIST_FILE = iOSClientUITests/Info.plist;
				LD_RUNPATH_SEARCH_PATHS = (
					"$(inherited)",
					"@executable_path/Frameworks",
					"@loader_path/Frameworks",
				);
				PRODUCT_BUNDLE_IDENTIFIER = com.milad.chat.iOSClientUITests;
				PRODUCT_NAME = "$(TARGET_NAME)";
				SWIFT_VERSION = 4.2;
				TARGETED_DEVICE_FAMILY = "1,2";
				TEST_TARGET_NAME = iOSClient;
			};
			name = Release;
		};
/* End XCBuildConfiguration section */

/* Begin XCConfigurationList section */
		11E2546621A63A1600CDB3A0 /* Build configuration list for PBXProject "iOSClient" */ = {
			isa = XCConfigurationList;
			buildConfigurations = (
				11E2549421A63A1700CDB3A0 /* Debug */,
				11E2549521A63A1700CDB3A0 /* Release */,
			);
			defaultConfigurationIsVisible = 0;
			defaultConfigurationName = Release;
		};
		11E2549621A63A1700CDB3A0 /* Build configuration list for PBXNativeTarget "iOSClient" */ = {
			isa = XCConfigurationList;
			buildConfigurations = (
				11E2549721A63A1700CDB3A0 /* Debug */,
				11E2549821A63A1700CDB3A0 /* Release */,
			);
			defaultConfigurationIsVisible = 0;
			defaultConfigurationName = Release;
		};
		11E2549921A63A1700CDB3A0 /* Build configuration list for PBXNativeTarget "iOSClientTests" */ = {
			isa = XCConfigurationList;
			buildConfigurations = (
				11E2549A21A63A1700CDB3A0 /* Debug */,
				11E2549B21A63A1700CDB3A0 /* Release */,
			);
			defaultConfigurationIsVisible = 0;
			defaultConfigurationName = Release;
		};
		11E2549C21A63A1700CDB3A0 /* Build configuration list for PBXNativeTarget "iOSClientUITests" */ = {
			isa = XCConfigurationList;
			buildConfigurations = (
				11E2549D21A63A1700CDB3A0 /* Debug */,
				11E2549E21A63A1700CDB3A0 /* Release */,
			);
			defaultConfigurationIsVisible = 0;
			defaultConfigurationName = Release;
		};
/* End XCConfigurationList section */

/* Begin XCVersionGroup section */
		11E2547521A63A1600CDB3A0 /* iOSClient.xcdatamodeld */ = {
			isa = XCVersionGroup;
			children = (
				11E2547621A63A1600CDB3A0 /* iOSClient.xcdatamodel */,
			);
			currentVersion = 11E2547621A63A1600CDB3A0 /* iOSClient.xcdatamodel */;
			path = iOSClient.xcdatamodeld;
			sourceTree = "<group>";
			versionGroupType = wrapper.xcdatamodel;
		};
/* End XCVersionGroup section */
	};
	rootObject = 11E2546321A63A1600CDB3A0 /* Project object */;
}
